// !$*UTF8*$!
{
	archiveVersion = 1;
	classes = {
	};
	objectVersion = 56;
	objects = {

/* Begin PBXBuildFile section */
		72F4D35B2AD14C6A00071708 /* AppDelegate.swift in Sources */ = {isa = PBXBuildFile; fileRef = 72F4D35A2AD14C6A00071708 /* AppDelegate.swift */; };
		72F4D35D2AD14C6A00071708 /* SceneDelegate.swift in Sources */ = {isa = PBXBuildFile; fileRef = 72F4D35C2AD14C6A00071708 /* SceneDelegate.swift */; };
		72F4D35F2AD14C6A00071708 /* ViewController.swift in Sources */ = {isa = PBXBuildFile; fileRef = 72F4D35E2AD14C6A00071708 /* ViewController.swift */; };
		72F4D3622AD14C6A00071708 /* Main.storyboard in Resources */ = {isa = PBXBuildFile; fileRef = 72F4D3602AD14C6A00071708 /* Main.storyboard */; };
		72F4D3642AD14C6C00071708 /* Assets.xcassets in Resources */ = {isa = PBXBuildFile; fileRef = 72F4D3632AD14C6C00071708 /* Assets.xcassets */; };
		72F4D3672AD14C6C00071708 /* LaunchScreen.storyboard in Resources */ = {isa = PBXBuildFile; fileRef = 72F4D3652AD14C6C00071708 /* LaunchScreen.storyboard */; };
		72F4D3722AD14C6D00071708 /* TaskOf9Lesson1Tests.swift in Sources */ = {isa = PBXBuildFile; fileRef = 72F4D3712AD14C6D00071708 /* TaskOf9Lesson1Tests.swift */; };
		72F4D37C2AD14C6D00071708 /* TaskOf9Lesson1UITests.swift in Sources */ = {isa = PBXBuildFile; fileRef = 72F4D37B2AD14C6D00071708 /* TaskOf9Lesson1UITests.swift */; };
		72F4D37E2AD14C6D00071708 /* TaskOf9Lesson1UITestsLaunchTests.swift in Sources */ = {isa = PBXBuildFile; fileRef = 72F4D37D2AD14C6D00071708 /* TaskOf9Lesson1UITestsLaunchTests.swift */; };
/* End PBXBuildFile section */

/* Begin PBXContainerItemProxy section */
		72F4D36E2AD14C6D00071708 /* PBXContainerItemProxy */ = {
			isa = PBXContainerItemProxy;
			containerPortal = 72F4D34F2AD14C6A00071708 /* Project object */;
			proxyType = 1;
			remoteGlobalIDString = 72F4D3562AD14C6A00071708;
			remoteInfo = TaskOf9Lesson1;
		};
		72F4D3782AD14C6D00071708 /* PBXContainerItemProxy */ = {
			isa = PBXContainerItemProxy;
			containerPortal = 72F4D34F2AD14C6A00071708 /* Project object */;
			proxyType = 1;
			remoteGlobalIDString = 72F4D3562AD14C6A00071708;
			remoteInfo = TaskOf9Lesson1;
		};
/* End PBXContainerItemProxy section */

/* Begin PBXFileReference section */
		72F4D3572AD14C6A00071708 /* TaskOf9Lesson1.app */ = {isa = PBXFileReference; explicitFileType = wrapper.application; includeInIndex = 0; path = TaskOf9Lesson1.app; sourceTree = BUILT_PRODUCTS_DIR; };
		72F4D35A2AD14C6A00071708 /* AppDelegate.swift */ = {isa = PBXFileReference; lastKnownFileType = sourcecode.swift; path = AppDelegate.swift; sourceTree = "<group>"; };
		72F4D35C2AD14C6A00071708 /* SceneDelegate.swift */ = {isa = PBXFileReference; lastKnownFileType = sourcecode.swift; path = SceneDelegate.swift; sourceTree = "<group>"; };
		72F4D35E2AD14C6A00071708 /* ViewController.swift */ = {isa = PBXFileReference; lastKnownFileType = sourcecode.swift; path = ViewController.swift; sourceTree = "<group>"; };
		72F4D3612AD14C6A00071708 /* Base */ = {isa = PBXFileReference; lastKnownFileType = file.storyboard; name = Base; path = Base.lproj/Main.storyboard; sourceTree = "<group>"; };
		72F4D3632AD14C6C00071708 /* Assets.xcassets */ = {isa = PBXFileReference; lastKnownFileType = folder.assetcatalog; path = Assets.xcassets; sourceTree = "<group>"; };
		72F4D3662AD14C6C00071708 /* Base */ = {isa = PBXFileReference; lastKnownFileType = file.storyboard; name = Base; path = Base.lproj/LaunchScreen.storyboard; sourceTree = "<group>"; };
		72F4D3682AD14C6C00071708 /* Info.plist */ = {isa = PBXFileReference; lastKnownFileType = text.plist.xml; path = Info.plist; sourceTree = "<group>"; };
		72F4D36D2AD14C6D00071708 /* TaskOf9Lesson1Tests.xctest */ = {isa = PBXFileReference; explicitFileType = wrapper.cfbundle; includeInIndex = 0; path = TaskOf9Lesson1Tests.xctest; sourceTree = BUILT_PRODUCTS_DIR; };
		72F4D3712AD14C6D00071708 /* TaskOf9Lesson1Tests.swift */ = {isa = PBXFileReference; lastKnownFileType = sourcecode.swift; path = TaskOf9Lesson1Tests.swift; sourceTree = "<group>"; };
		72F4D3772AD14C6D00071708 /* TaskOf9Lesson1UITests.xctest */ = {isa = PBXFileReference; explicitFileType = wrapper.cfbundle; includeInIndex = 0; path = TaskOf9Lesson1UITests.xctest; sourceTree = BUILT_PRODUCTS_DIR; };
		72F4D37B2AD14C6D00071708 /* TaskOf9Lesson1UITests.swift */ = {isa = PBXFileReference; lastKnownFileType = sourcecode.swift; path = TaskOf9Lesson1UITests.swift; sourceTree = "<group>"; };
		72F4D37D2AD14C6D00071708 /* TaskOf9Lesson1UITestsLaunchTests.swift */ = {isa = PBXFileReference; lastKnownFileType = sourcecode.swift; path = TaskOf9Lesson1UITestsLaunchTests.swift; sourceTree = "<group>"; };
/* End PBXFileReference section */

/* Begin PBXFrameworksBuildPhase section */
		72F4D3542AD14C6A00071708 /* Frameworks */ = {
			isa = PBXFrameworksBuildPhase;
			buildActionMask = 2147483647;
			files = (
			);
			runOnlyForDeploymentPostprocessing = 0;
		};
		72F4D36A2AD14C6D00071708 /* Frameworks */ = {
			isa = PBXFrameworksBuildPhase;
			buildActionMask = 2147483647;
			files = (
			);
			runOnlyForDeploymentPostprocessing = 0;
		};
		72F4D3742AD14C6D00071708 /* Frameworks */ = {
			isa = PBXFrameworksBuildPhase;
			buildActionMask = 2147483647;
			files = (
			);
			runOnlyForDeploymentPostprocessing = 0;
		};
/* End PBXFrameworksBuildPhase section */

/* Begin PBXGroup section */
		72F4D34E2AD14C6A00071708 = {
			isa = PBXGroup;
			children = (
				72F4D3592AD14C6A00071708 /* TaskOf9Lesson1 */,
				72F4D3702AD14C6D00071708 /* TaskOf9Lesson1Tests */,
				72F4D37A2AD14C6D00071708 /* TaskOf9Lesson1UITests */,
				72F4D3582AD14C6A00071708 /* Products */,
			);
			sourceTree = "<group>";
		};
		72F4D3582AD14C6A00071708 /* Products */ = {
			isa = PBXGroup;
			children = (
				72F4D3572AD14C6A00071708 /* TaskOf9Lesson1.app */,
				72F4D36D2AD14C6D00071708 /* TaskOf9Lesson1Tests.xctest */,
				72F4D3772AD14C6D00071708 /* TaskOf9Lesson1UITests.xctest */,
			);
			name = Products;
			sourceTree = "<group>";
		};
		72F4D3592AD14C6A00071708 /* TaskOf9Lesson1 */ = {
			isa = PBXGroup;
			children = (
				72F4D35A2AD14C6A00071708 /* AppDelegate.swift */,
				72F4D35C2AD14C6A00071708 /* SceneDelegate.swift */,
				72F4D35E2AD14C6A00071708 /* ViewController.swift */,
				72F4D3602AD14C6A00071708 /* Main.storyboard */,
				72F4D3632AD14C6C00071708 /* Assets.xcassets */,
				72F4D3652AD14C6C00071708 /* LaunchScreen.storyboard */,
				72F4D3682AD14C6C00071708 /* Info.plist */,
			);
			path = TaskOf9Lesson1;
			sourceTree = "<group>";
		};
		72F4D3702AD14C6D00071708 /* TaskOf9Lesson1Tests */ = {
			isa = PBXGroup;
			children = (
				72F4D3712AD14C6D00071708 /* TaskOf9Lesson1Tests.swift */,
			);
			path = TaskOf9Lesson1Tests;
			sourceTree = "<group>";
		};
		72F4D37A2AD14C6D00071708 /* TaskOf9Lesson1UITests */ = {
			isa = PBXGroup;
			children = (
				72F4D37B2AD14C6D00071708 /* TaskOf9Lesson1UITests.swift */,
				72F4D37D2AD14C6D00071708 /* TaskOf9Lesson1UITestsLaunchTests.swift */,
			);
			path = TaskOf9Lesson1UITests;
			sourceTree = "<group>";
		};
/* End PBXGroup section */

/* Begin PBXNativeTarget section */
		72F4D3562AD14C6A00071708 /* TaskOf9Lesson1 */ = {
			isa = PBXNativeTarget;
			buildConfigurationList = 72F4D3812AD14C6D00071708 /* Build configuration list for PBXNativeTarget "TaskOf9Lesson1" */;
			buildPhases = (
				72F4D3532AD14C6A00071708 /* Sources */,
				72F4D3542AD14C6A00071708 /* Frameworks */,
				72F4D3552AD14C6A00071708 /* Resources */,
			);
			buildRules = (
			);
			dependencies = (
			);
			name = TaskOf9Lesson1;
			productName = TaskOf9Lesson1;
			productReference = 72F4D3572AD14C6A00071708 /* TaskOf9Lesson1.app */;
			productType = "com.apple.product-type.application";
		};
		72F4D36C2AD14C6D00071708 /* TaskOf9Lesson1Tests */ = {
			isa = PBXNativeTarget;
			buildConfigurationList = 72F4D3842AD14C6D00071708 /* Build configuration list for PBXNativeTarget "TaskOf9Lesson1Tests" */;
			buildPhases = (
				72F4D3692AD14C6D00071708 /* Sources */,
				72F4D36A2AD14C6D00071708 /* Frameworks */,
				72F4D36B2AD14C6D00071708 /* Resources */,
			);
			buildRules = (
			);
			dependencies = (
				72F4D36F2AD14C6D00071708 /* PBXTargetDependency */,
			);
			name = TaskOf9Lesson1Tests;
			productName = TaskOf9Lesson1Tests;
			productReference = 72F4D36D2AD14C6D00071708 /* TaskOf9Lesson1Tests.xctest */;
			productType = "com.apple.product-type.bundle.unit-test";
		};
		72F4D3762AD14C6D00071708 /* TaskOf9Lesson1UITests */ = {
			isa = PBXNativeTarget;
			buildConfigurationList = 72F4D3872AD14C6D00071708 /* Build configuration list for PBXNativeTarget "TaskOf9Lesson1UITests" */;
			buildPhases = (
				72F4D3732AD14C6D00071708 /* Sources */,
				72F4D3742AD14C6D00071708 /* Frameworks */,
				72F4D3752AD14C6D00071708 /* Resources */,
			);
			buildRules = (
			);
			dependencies = (
				72F4D3792AD14C6D00071708 /* PBXTargetDependency */,
			);
			name = TaskOf9Lesson1UITests;
			productName = TaskOf9Lesson1UITests;
			productReference = 72F4D3772AD14C6D00071708 /* TaskOf9Lesson1UITests.xctest */;
			productType = "com.apple.product-type.bundle.ui-testing";
		};
/* End PBXNativeTarget section */

/* Begin PBXProject section */
		72F4D34F2AD14C6A00071708 /* Project object */ = {
			isa = PBXProject;
			attributes = {
				BuildIndependentTargetsInParallel = 1;
				LastSwiftUpdateCheck = 1500;
				LastUpgradeCheck = 1500;
				TargetAttributes = {
					72F4D3562AD14C6A00071708 = {
						CreatedOnToolsVersion = 15.0;
					};
					72F4D36C2AD14C6D00071708 = {
						CreatedOnToolsVersion = 15.0;
						TestTargetID = 72F4D3562AD14C6A00071708;
					};
					72F4D3762AD14C6D00071708 = {
						CreatedOnToolsVersion = 15.0;
						TestTargetID = 72F4D3562AD14C6A00071708;
					};
				};
			};
			buildConfigurationList = 72F4D3522AD14C6A00071708 /* Build configuration list for PBXProject "TaskOf9Lesson1" */;
			compatibilityVersion = "Xcode 14.0";
			developmentRegion = en;
			hasScannedForEncodings = 0;
			knownRegions = (
				en,
				Base,
			);
			mainGroup = 72F4D34E2AD14C6A00071708;
			productRefGroup = 72F4D3582AD14C6A00071708 /* Products */;
			projectDirPath = "";
			projectRoot = "";
			targets = (
				72F4D3562AD14C6A00071708 /* TaskOf9Lesson1 */,
				72F4D36C2AD14C6D00071708 /* TaskOf9Lesson1Tests */,
				72F4D3762AD14C6D00071708 /* TaskOf9Lesson1UITests */,
			);
		};
/* End PBXProject section */

/* Begin PBXResourcesBuildPhase section */
		72F4D3552AD14C6A00071708 /* Resources */ = {
			isa = PBXResourcesBuildPhase;
			buildActionMask = 2147483647;
			files = (
				72F4D3672AD14C6C00071708 /* LaunchScreen.storyboard in Resources */,
				72F4D3642AD14C6C00071708 /* Assets.xcassets in Resources */,
				72F4D3622AD14C6A00071708 /* Main.storyboard in Resources */,
			);
			runOnlyForDeploymentPostprocessing = 0;
		};
		72F4D36B2AD14C6D00071708 /* Resources */ = {
			isa = PBXResourcesBuildPhase;
			buildActionMask = 2147483647;
			files = (
			);
			runOnlyForDeploymentPostprocessing = 0;
		};
		72F4D3752AD14C6D00071708 /* Resources */ = {
			isa = PBXResourcesBuildPhase;
			buildActionMask = 2147483647;
			files = (
			);
			runOnlyForDeploymentPostprocessing = 0;
		};
/* End PBXResourcesBuildPhase section */

/* Begin PBXSourcesBuildPhase section */
		72F4D3532AD14C6A00071708 /* Sources */ = {
			isa = PBXSourcesBuildPhase;
			buildActionMask = 2147483647;
			files = (
				72F4D35F2AD14C6A00071708 /* ViewController.swift in Sources */,
				72F4D35B2AD14C6A00071708 /* AppDelegate.swift in Sources */,
				72F4D35D2AD14C6A00071708 /* SceneDelegate.swift in Sources */,
			);
			runOnlyForDeploymentPostprocessing = 0;
		};
		72F4D3692AD14C6D00071708 /* Sources */ = {
			isa = PBXSourcesBuildPhase;
			buildActionMask = 2147483647;
			files = (
				72F4D3722AD14C6D00071708 /* TaskOf9Lesson1Tests.swift in Sources */,
			);
			runOnlyForDeploymentPostprocessing = 0;
		};
		72F4D3732AD14C6D00071708 /* Sources */ = {
			isa = PBXSourcesBuildPhase;
			buildActionMask = 2147483647;
			files = (
				72F4D37E2AD14C6D00071708 /* TaskOf9Lesson1UITestsLaunchTests.swift in Sources */,
				72F4D37C2AD14C6D00071708 /* TaskOf9Lesson1UITests.swift in Sources */,
			);
			runOnlyForDeploymentPostprocessing = 0;
		};
/* End PBXSourcesBuildPhase section */

/* Begin PBXTargetDependency section */
		72F4D36F2AD14C6D00071708 /* PBXTargetDependency */ = {
			isa = PBXTargetDependency;
			target = 72F4D3562AD14C6A00071708 /* TaskOf9Lesson1 */;
			targetProxy = 72F4D36E2AD14C6D00071708 /* PBXContainerItemProxy */;
		};
		72F4D3792AD14C6D00071708 /* PBXTargetDependency */ = {
			isa = PBXTargetDependency;
			target = 72F4D3562AD14C6A00071708 /* TaskOf9Lesson1 */;
			targetProxy = 72F4D3782AD14C6D00071708 /* PBXContainerItemProxy */;
		};
/* End PBXTargetDependency section */

/* Begin PBXVariantGroup section */
		72F4D3602AD14C6A00071708 /* Main.storyboard */ = {
			isa = PBXVariantGroup;
			children = (
				72F4D3612AD14C6A00071708 /* Base */,
			);
			name = Main.storyboard;
			sourceTree = "<group>";
		};
		72F4D3652AD14C6C00071708 /* LaunchScreen.storyboard */ = {
			isa = PBXVariantGroup;
			children = (
				72F4D3662AD14C6C00071708 /* Base */,
			);
			name = LaunchScreen.storyboard;
			sourceTree = "<group>";
		};
/* End PBXVariantGroup section */

/* Begin XCBuildConfiguration section */
		72F4D37F2AD14C6D00071708 /* Debug */ = {
			isa = XCBuildConfiguration;
			buildSettings = {
				ALWAYS_SEARCH_USER_PATHS = NO;
				ASSETCATALOG_COMPILER_GENERATE_SWIFT_ASSET_SYMBOL_EXTENSIONS = YES;
				CLANG_ANALYZER_NONNULL = YES;
				CLANG_ANALYZER_NUMBER_OBJECT_CONVERSION = YES_AGGRESSIVE;
				CLANG_CXX_LANGUAGE_STANDARD = "gnu++20";
				CLANG_ENABLE_MODULES = YES;
				CLANG_ENABLE_OBJC_ARC = YES;
				CLANG_ENABLE_OBJC_WEAK = YES;
				CLANG_WARN_BLOCK_CAPTURE_AUTORELEASING = YES;
				CLANG_WARN_BOOL_CONVERSION = YES;
				CLANG_WARN_COMMA = YES;
				CLANG_WARN_CONSTANT_CONVERSION = YES;
				CLANG_WARN_DEPRECATED_OBJC_IMPLEMENTATIONS = YES;
				CLANG_WARN_DIRECT_OBJC_ISA_USAGE = YES_ERROR;
				CLANG_WARN_DOCUMENTATION_COMMENTS = YES;
				CLANG_WARN_EMPTY_BODY = YES;
				CLANG_WARN_ENUM_CONVERSION = YES;
				CLANG_WARN_INFINITE_RECURSION = YES;
				CLANG_WARN_INT_CONVERSION = YES;
				CLANG_WARN_NON_LITERAL_NULL_CONVERSION = YES;
				CLANG_WARN_OBJC_IMPLICIT_RETAIN_SELF = YES;
				CLANG_WARN_OBJC_LITERAL_CONVERSION = YES;
				CLANG_WARN_OBJC_ROOT_CLASS = YES_ERROR;
				CLANG_WARN_QUOTED_INCLUDE_IN_FRAMEWORK_HEADER = YES;
				CLANG_WARN_RANGE_LOOP_ANALYSIS = YES;
				CLANG_WARN_STRICT_PROTOTYPES = YES;
				CLANG_WARN_SUSPICIOUS_MOVE = YES;
				CLANG_WARN_UNGUARDED_AVAILABILITY = YES_AGGRESSIVE;
				CLANG_WARN_UNREACHABLE_CODE = YES;
				CLANG_WARN__DUPLICATE_METHOD_MATCH = YES;
				COPY_PHASE_STRIP = NO;
				DEBUG_INFORMATION_FORMAT = dwarf;
				ENABLE_STRICT_OBJC_MSGSEND = YES;
				ENABLE_TESTABILITY = YES;
				ENABLE_USER_SCRIPT_SANDBOXING = YES;
				GCC_C_LANGUAGE_STANDARD = gnu17;
				GCC_DYNAMIC_NO_PIC = NO;
				GCC_NO_COMMON_BLOCKS = YES;
				GCC_OPTIMIZATION_LEVEL = 0;
				GCC_PREPROCESSOR_DEFINITIONS = (
					"DEBUG=1",
					"$(inherited)",
				);
				GCC_WARN_64_TO_32_BIT_CONVERSION = YES;
				GCC_WARN_ABOUT_RETURN_TYPE = YES_ERROR;
				GCC_WARN_UNDECLARED_SELECTOR = YES;
				GCC_WARN_UNINITIALIZED_AUTOS = YES_AGGRESSIVE;
				GCC_WARN_UNUSED_FUNCTION = YES;
				GCC_WARN_UNUSED_VARIABLE = YES;
				IPHONEOS_DEPLOYMENT_TARGET = 17.0;
				LOCALIZATION_PREFERS_STRING_CATALOGS = YES;
				MTL_ENABLE_DEBUG_INFO = INCLUDE_SOURCE;
				MTL_FAST_MATH = YES;
				ONLY_ACTIVE_ARCH = YES;
				SDKROOT = iphoneos;
				SWIFT_ACTIVE_COMPILATION_CONDITIONS = "DEBUG $(inherited)";
				SWIFT_OPTIMIZATION_LEVEL = "-Onone";
			};
			name = Debug;
		};
		72F4D3802AD14C6D00071708 /* Release */ = {
			isa = XCBuildConfiguration;
			buildSettings = {
				ALWAYS_SEARCH_USER_PATHS = NO;
				ASSETCATALOG_COMPILER_GENERATE_SWIFT_ASSET_SYMBOL_EXTENSIONS = YES;
				CLANG_ANALYZER_NONNULL = YES;
				CLANG_ANALYZER_NUMBER_OBJECT_CONVERSION = YES_AGGRESSIVE;
				CLANG_CXX_LANGUAGE_STANDARD = "gnu++20";
				CLANG_ENABLE_MODULES = YES;
				CLANG_ENABLE_OBJC_ARC = YES;
				CLANG_ENABLE_OBJC_WEAK = YES;
				CLANG_WARN_BLOCK_CAPTURE_AUTORELEASING = YES;
				CLANG_WARN_BOOL_CONVERSION = YES;
				CLANG_WARN_COMMA = YES;
				CLANG_WARN_CONSTANT_CONVERSION = YES;
				CLANG_WARN_DEPRECATED_OBJC_IMPLEMENTATIONS = YES;
				CLANG_WARN_DIRECT_OBJC_ISA_USAGE = YES_ERROR;
				CLANG_WARN_DOCUMENTATION_COMMENTS = YES;
				CLANG_WARN_EMPTY_BODY = YES;
				CLANG_WARN_ENUM_CONVERSION = YES;
				CLANG_WARN_INFINITE_RECURSION = YES;
				CLANG_WARN_INT_CONVERSION = YES;
				CLANG_WARN_NON_LITERAL_NULL_CONVERSION = YES;
				CLANG_WARN_OBJC_IMPLICIT_RETAIN_SELF = YES;
				CLANG_WARN_OBJC_LITERAL_CONVERSION = YES;
				CLANG_WARN_OBJC_ROOT_CLASS = YES_ERROR;
				CLANG_WARN_QUOTED_INCLUDE_IN_FRAMEWORK_HEADER = YES;
				CLANG_WARN_RANGE_LOOP_ANALYSIS = YES;
				CLANG_WARN_STRICT_PROTOTYPES = YES;
				CLANG_WARN_SUSPICIOUS_MOVE = YES;
				CLANG_WARN_UNGUARDED_AVAILABILITY = YES_AGGRESSIVE;
				CLANG_WARN_UNREACHABLE_CODE = YES;
				CLANG_WARN__DUPLICATE_METHOD_MATCH = YES;
				COPY_PHASE_STRIP = NO;
				DEBUG_INFORMATION_FORMAT = "dwarf-with-dsym";
				ENABLE_NS_ASSERTIONS = NO;
				ENABLE_STRICT_OBJC_MSGSEND = YES;
				ENABLE_USER_SCRIPT_SANDBOXING = YES;
				GCC_C_LANGUAGE_STANDARD = gnu17;
				GCC_NO_COMMON_BLOCKS = YES;
				GCC_WARN_64_TO_32_BIT_CONVERSION = YES;
				GCC_WARN_ABOUT_RETURN_TYPE = YES_ERROR;
				GCC_WARN_UNDECLARED_SELECTOR = YES;
				GCC_WARN_UNINITIALIZED_AUTOS = YES_AGGRESSIVE;
				GCC_WARN_UNUSED_FUNCTION = YES;
				GCC_WARN_UNUSED_VARIABLE = YES;
				IPHONEOS_DEPLOYMENT_TARGET = 17.0;
				LOCALIZATION_PREFERS_STRING_CATALOGS = YES;
				MTL_ENABLE_DEBUG_INFO = NO;
				MTL_FAST_MATH = YES;
				SDKROOT = iphoneos;
				SWIFT_COMPILATION_MODE = wholemodule;
				VALIDATE_PRODUCT = YES;
			};
			name = Release;
		};
		72F4D3822AD14C6D00071708 /* Debug */ = {
			isa = XCBuildConfiguration;
			buildSettings = {
				ASSETCATALOG_COMPILER_APPICON_NAME = AppIcon;
				ASSETCATALOG_COMPILER_GLOBAL_ACCENT_COLOR_NAME = AccentColor;
				CODE_SIGN_STYLE = Automatic;
				CURRENT_PROJECT_VERSION = 1;
				GENERATE_INFOPLIST_FILE = YES;
				INFOPLIST_FILE = TaskOf9Lesson1/Info.plist;
				INFOPLIST_KEY_UIApplicationSupportsIndirectInputEvents = YES;
				INFOPLIST_KEY_UILaunchStoryboardName = LaunchScreen;
				INFOPLIST_KEY_UIMainStoryboardFile = Main;
				INFOPLIST_KEY_UISupportedInterfaceOrientations_iPad = "UIInterfaceOrientationPortrait UIInterfaceOrientationPortraitUpsideDown UIInterfaceOrientationLandscapeLeft UIInterfaceOrientationLandscapeRight";
				INFOPLIST_KEY_UISupportedInterfaceOrientations_iPhone = "UIInterfaceOrientationPortrait UIInterfaceOrientationLandscapeLeft UIInterfaceOrientationLandscapeRight";
				LD_RUNPATH_SEARCH_PATHS = (
					"$(inherited)",
					"@executable_path/Frameworks",
				);
				MARKETING_VERSION = 1.0;
				PRODUCT_BUNDLE_IDENTIFIER = "-.TaskOf9Lesson1";
				PRODUCT_NAME = "$(TARGET_NAME)";
				SWIFT_EMIT_LOC_STRINGS = YES;
				SWIFT_VERSION = 5.0;
				TARGETED_DEVICE_FAMILY = "1,2";
			};
			name = Debug;
		};
		72F4D3832AD14C6D00071708 /* Release */ = {
			isa = XCBuildConfiguration;
			buildSettings = {
				ASSETCATALOG_COMPILER_APPICON_NAME = AppIcon;
				ASSETCATALOG_COMPILER_GLOBAL_ACCENT_COLOR_NAME = AccentColor;
				CODE_SIGN_STYLE = Automatic;
				CURRENT_PROJECT_VERSION = 1;
				GENERATE_INFOPLIST_FILE = YES;
				INFOPLIST_FILE = TaskOf9Lesson1/Info.plist;
				INFOPLIST_KEY_UIApplicationSupportsIndirectInputEvents = YES;
				INFOPLIST_KEY_UILaunchStoryboardName = LaunchScreen;
				INFOPLIST_KEY_UIMainStoryboardFile = Main;
				INFOPLIST_KEY_UISupportedInterfaceOrientations_iPad = "UIInterfaceOrientationPortrait UIInterfaceOrientationPortraitUpsideDown UIInterfaceOrientationLandscapeLeft UIInterfaceOrientationLandscapeRight";
				INFOPLIST_KEY_UISupportedInterfaceOrientations_iPhone = "UIInterfaceOrientationPortrait UIInterfaceOrientationLandscapeLeft UIInterfaceOrientationLandscapeRight";
				LD_RUNPATH_SEARCH_PATHS = (
					"$(inherited)",
					"@executable_path/Frameworks",
				);
				MARKETING_VERSION = 1.0;
				PRODUCT_BUNDLE_IDENTIFIER = "-.TaskOf9Lesson1";
				PRODUCT_NAME = "$(TARGET_NAME)";
				SWIFT_EMIT_LOC_STRINGS = YES;
				SWIFT_VERSION = 5.0;
				TARGETED_DEVICE_FAMILY = "1,2";
			};
			name = Release;
		};
		72F4D3852AD14C6D00071708 /* Debug */ = {
			isa = XCBuildConfiguration;
			buildSettings = {
				ALWAYS_EMBED_SWIFT_STANDARD_LIBRARIES = YES;
				BUNDLE_LOADER = "$(TEST_HOST)";
				CODE_SIGN_STYLE = Automatic;
				CURRENT_PROJECT_VERSION = 1;
				GENERATE_INFOPLIST_FILE = YES;
				IPHONEOS_DEPLOYMENT_TARGET = 17.0;
				MARKETING_VERSION = 1.0;
				PRODUCT_BUNDLE_IDENTIFIER = "-.TaskOf9Lesson1Tests";
				PRODUCT_NAME = "$(TARGET_NAME)";
				SWIFT_EMIT_LOC_STRINGS = NO;
				SWIFT_VERSION = 5.0;
				TARGETED_DEVICE_FAMILY = "1,2";
				TEST_HOST = "$(BUILT_PRODUCTS_DIR)/TaskOf9Lesson1.app/$(BUNDLE_EXECUTABLE_FOLDER_PATH)/TaskOf9Lesson1";
			};
			name = Debug;
		};
		72F4D3862AD14C6D00071708 /* Release */ = {
			isa = XCBuildConfiguration;
			buildSettings = {
				ALWAYS_EMBED_SWIFT_STANDARD_LIBRARIES = YES;
				BUNDLE_LOADER = "$(TEST_HOST)";
				CODE_SIGN_STYLE = Automatic;
				CURRENT_PROJECT_VERSION = 1;
				GENERATE_INFOPLIST_FILE = YES;
				IPHONEOS_DEPLOYMENT_TARGET = 17.0;
				MARKETING_VERSION = 1.0;
				PRODUCT_BUNDLE_IDENTIFIER = "-.TaskOf9Lesson1Tests";
				PRODUCT_NAME = "$(TARGET_NAME)";
				SWIFT_EMIT_LOC_STRINGS = NO;
				SWIFT_VERSION = 5.0;
				TARGETED_DEVICE_FAMILY = "1,2";
				TEST_HOST = "$(BUILT_PRODUCTS_DIR)/TaskOf9Lesson1.app/$(BUNDLE_EXECUTABLE_FOLDER_PATH)/TaskOf9Lesson1";
			};
			name = Release;
		};
		72F4D3882AD14C6D00071708 /* Debug */ = {
			isa = XCBuildConfiguration;
			buildSettings = {
				ALWAYS_EMBED_SWIFT_STANDARD_LIBRARIES = YES;
				CODE_SIGN_STYLE = Automatic;
				CURRENT_PROJECT_VERSION = 1;
				GENERATE_INFOPLIST_FILE = YES;
				MARKETING_VERSION = 1.0;
				PRODUCT_BUNDLE_IDENTIFIER = "-.TaskOf9Lesson1UITests";
				PRODUCT_NAME = "$(TARGET_NAME)";
				SWIFT_EMIT_LOC_STRINGS = NO;
				SWIFT_VERSION = 5.0;
				TARGETED_DEVICE_FAMILY = "1,2";
				TEST_TARGET_NAME = TaskOf9Lesson1;
			};
			name = Debug;
		};
		72F4D3892AD14C6D00071708 /* Release */ = {
			isa = XCBuildConfiguration;
			buildSettings = {
				ALWAYS_EMBED_SWIFT_STANDARD_LIBRARIES = YES;
				CODE_SIGN_STYLE = Automatic;
				CURRENT_PROJECT_VERSION = 1;
				GENERATE_INFOPLIST_FILE = YES;
				MARKETING_VERSION = 1.0;
				PRODUCT_BUNDLE_IDENTIFIER = "-.TaskOf9Lesson1UITests";
				PRODUCT_NAME = "$(TARGET_NAME)";
				SWIFT_EMIT_LOC_STRINGS = NO;
				SWIFT_VERSION = 5.0;
				TARGETED_DEVICE_FAMILY = "1,2";
				TEST_TARGET_NAME = TaskOf9Lesson1;
			};
			name = Release;
		};
/* End XCBuildConfiguration section */

/* Begin XCConfigurationList section */
		72F4D3522AD14C6A00071708 /* Build configuration list for PBXProject "TaskOf9Lesson1" */ = {
			isa = XCConfigurationList;
			buildConfigurations = (
				72F4D37F2AD14C6D00071708 /* Debug */,
				72F4D3802AD14C6D00071708 /* Release */,
			);
			defaultConfigurationIsVisible = 0;
			defaultConfigurationName = Release;
		};
		72F4D3812AD14C6D00071708 /* Build configuration list for PBXNativeTarget "TaskOf9Lesson1" */ = {
			isa = XCConfigurationList;
			buildConfigurations = (
				72F4D3822AD14C6D00071708 /* Debug */,
				72F4D3832AD14C6D00071708 /* Release */,
			);
			defaultConfigurationIsVisible = 0;
			defaultConfigurationName = Release;
		};
		72F4D3842AD14C6D00071708 /* Build configuration list for PBXNativeTarget "TaskOf9Lesson1Tests" */ = {
			isa = XCConfigurationList;
			buildConfigurations = (
				72F4D3852AD14C6D00071708 /* Debug */,
				72F4D3862AD14C6D00071708 /* Release */,
			);
			defaultConfigurationIsVisible = 0;
			defaultConfigurationName = Release;
		};
		72F4D3872AD14C6D00071708 /* Build configuration list for PBXNativeTarget "TaskOf9Lesson1UITests" */ = {
			isa = XCConfigurationList;
			buildConfigurations = (
				72F4D3882AD14C6D00071708 /* Debug */,
				72F4D3892AD14C6D00071708 /* Release */,
			);
			defaultConfigurationIsVisible = 0;
			defaultConfigurationName = Release;
		};
/* End XCConfigurationList section */
	};
	rootObject = 72F4D34F2AD14C6A00071708 /* Project object */;
}
